// !$*UTF8*$!
{
	archiveVersion = 1;
	classes = {
	};
	objectVersion = 51;
	objects = {

/* Begin PBXBuildFile section */
		BD0C62B027AF6976000FF08C /* GoogleService-Info.plist in Resources */ = {isa = PBXBuildFile; fileRef = BD0C62AF27AF6976000FF08C /* GoogleService-Info.plist */; };
		BD11ADE3272EF0EE0020E9D9 /* chatBotViewController.swift in Sources */ = {isa = PBXBuildFile; fileRef = BD11ADE2272EF0EE0020E9D9 /* chatBotViewController.swift */; };
		BD11ADE5272EF1060020E9D9 /* prescribedViewController.swift in Sources */ = {isa = PBXBuildFile; fileRef = BD11ADE4272EF1060020E9D9 /* prescribedViewController.swift */; };
		BD11ADE7272EF11F0020E9D9 /* profileViewController.swift in Sources */ = {isa = PBXBuildFile; fileRef = BD11ADE6272EF11F0020E9D9 /* profileViewController.swift */; };
		BD698FA1272F1DB900C0EFF8 /* doctorViewController.swift in Sources */ = {isa = PBXBuildFile; fileRef = BD698FA0272F1DB900C0EFF8 /* doctorViewController.swift */; };
		BD698FA3272F1DE900C0EFF8 /* pLinksViewController.swift in Sources */ = {isa = PBXBuildFile; fileRef = BD698FA2272F1DE900C0EFF8 /* pLinksViewController.swift */; };
		BD698FA4272F20D200C0EFF8 /* Poppins-Regular.ttf in Resources */ = {isa = PBXBuildFile; fileRef = BD7EE63726FBD59400D54707 /* Poppins-Regular.ttf */; };
		BD7EE63E26FBD5A400D54707 /* Poppins-Black.ttf in Resources */ = {isa = PBXBuildFile; fileRef = BD7EE63426FBD59300D54707 /* Poppins-Black.ttf */; };
		BD7EE63F26FBD5A600D54707 /* Poppins-BlackItalic.ttf in Resources */ = {isa = PBXBuildFile; fileRef = BD7EE62F26FBD59300D54707 /* Poppins-BlackItalic.ttf */; };
		BD7EE64026FBD5A800D54707 /* Poppins-Bold.ttf in Resources */ = {isa = PBXBuildFile; fileRef = BD7EE63A26FBD59400D54707 /* Poppins-Bold.ttf */; };
		BD7EE64126FBD5AB00D54707 /* Poppins-BoldItalic.ttf in Resources */ = {isa = PBXBuildFile; fileRef = BD7EE62E26FBD59300D54707 /* Poppins-BoldItalic.ttf */; };
		BD7EE64226FBD5AE00D54707 /* Poppins-ExtraBold.ttf in Resources */ = {isa = PBXBuildFile; fileRef = BD7EE63526FBD59300D54707 /* Poppins-ExtraBold.ttf */; };
		BD7EE64326FBD5B000D54707 /* Poppins-ExtraBoldItalic.ttf in Resources */ = {isa = PBXBuildFile; fileRef = BD7EE63626FBD59400D54707 /* Poppins-ExtraBoldItalic.ttf */; };
		BD7EE64426FBD5B200D54707 /* Poppins-ExtraLight.ttf in Resources */ = {isa = PBXBuildFile; fileRef = BD7EE62D26FBD59200D54707 /* Poppins-ExtraLight.ttf */; };
		BD7EE64526FBD5B400D54707 /* Poppins-ExtraLightItalic.ttf in Resources */ = {isa = PBXBuildFile; fileRef = BD7EE63126FBD59300D54707 /* Poppins-ExtraLightItalic.ttf */; };
		BD7EE64626FBD5B700D54707 /* Poppins-Italic.ttf in Resources */ = {isa = PBXBuildFile; fileRef = BD7EE63926FBD59400D54707 /* Poppins-Italic.ttf */; };
		BD7EE64726FBD5B900D54707 /* Poppins-Light.ttf in Resources */ = {isa = PBXBuildFile; fileRef = BD7EE62C26FBD59200D54707 /* Poppins-Light.ttf */; };
		BD7EE64826FBD5BC00D54707 /* Poppins-LightItalic.ttf in Resources */ = {isa = PBXBuildFile; fileRef = BD7EE62B26FBD59200D54707 /* Poppins-LightItalic.ttf */; };
		BD7EE64926FBD5C100D54707 /* Poppins-SemiBold.ttf in Resources */ = {isa = PBXBuildFile; fileRef = BD7EE63826FBD59400D54707 /* Poppins-SemiBold.ttf */; };
		BD7EE64A26FBD5C300D54707 /* Poppins-SemiBoldItalic.ttf in Resources */ = {isa = PBXBuildFile; fileRef = BD7EE63026FBD59300D54707 /* Poppins-SemiBoldItalic.ttf */; };
		BD7EE64B26FBD5C500D54707 /* Poppins-Thin.ttf in Resources */ = {isa = PBXBuildFile; fileRef = BD7EE63B26FBD59400D54707 /* Poppins-Thin.ttf */; };
		BD7EE64C26FBD5C700D54707 /* Poppins-ThinItalic.ttf in Resources */ = {isa = PBXBuildFile; fileRef = BD7EE63226FBD59300D54707 /* Poppins-ThinItalic.ttf */; };
		BD7EE64D26FBD7BD00D54707 /* Poppins-Medium.ttf in Resources */ = {isa = PBXBuildFile; fileRef = BD7EE63326FBD59300D54707 /* Poppins-Medium.ttf */; };
		BD7EE64F26FD293F00D54707 /* SignUpViewController.swift in Sources */ = {isa = PBXBuildFile; fileRef = BD7EE64E26FD293F00D54707 /* SignUpViewController.swift */; };
		BDE1A3702691E97F00C29042 /* AppDelegate.swift in Sources */ = {isa = PBXBuildFile; fileRef = BDE1A36F2691E97F00C29042 /* AppDelegate.swift */; };
		BDE1A3722691E97F00C29042 /* SceneDelegate.swift in Sources */ = {isa = PBXBuildFile; fileRef = BDE1A3712691E97F00C29042 /* SceneDelegate.swift */; };
		BDE1A3772691E97F00C29042 /* Main.storyboard in Resources */ = {isa = PBXBuildFile; fileRef = BDE1A3752691E97F00C29042 /* Main.storyboard */; };
		BDE1A3792691E98D00C29042 /* Assets.xcassets in Resources */ = {isa = PBXBuildFile; fileRef = BDE1A3782691E98D00C29042 /* Assets.xcassets */; };
		BDE1A37C2691E98D00C29042 /* LaunchScreen.storyboard in Resources */ = {isa = PBXBuildFile; fileRef = BDE1A37A2691E98D00C29042 /* LaunchScreen.storyboard */; };
		BDE1A38A2691FC8D00C29042 /* User.swift in Sources */ = {isa = PBXBuildFile; fileRef = BDE1A3892691FC8D00C29042 /* User.swift */; };
		BDE1A38C2691FCA900C29042 /* UserInfo.swift in Sources */ = {isa = PBXBuildFile; fileRef = BDE1A38B2691FCA900C29042 /* UserInfo.swift */; };
		BDE1A38E269B487900C29042 /* WelcomeViewController.swift in Sources */ = {isa = PBXBuildFile; fileRef = BDE1A38D269B487900C29042 /* WelcomeViewController.swift */; };
		BDE1A392269B556D00C29042 /* Poppins in Resources */ = {isa = PBXBuildFile; fileRef = BDE1A391269B556D00C29042 /* Poppins */; };
		BDE1A39726A484E400C29042 /* LoginViewController.swift in Sources */ = {isa = PBXBuildFile; fileRef = BDE1A39626A484E400C29042 /* LoginViewController.swift */; };
		F99AEEEAC2A62091D009B725 /* Pods_Prescribed.framework in Frameworks */ = {isa = PBXBuildFile; fileRef = CAFFE6A0025D4D1B8259D1E2 /* Pods_Prescribed.framework */; };
/* End PBXBuildFile section */

/* Begin PBXFileReference section */
		1C7414805B07892EB2C0B916 /* Pods-Prescribed.debug.xcconfig */ = {isa = PBXFileReference; includeInIndex = 1; lastKnownFileType = text.xcconfig; name = "Pods-Prescribed.debug.xcconfig"; path = "Target Support Files/Pods-Prescribed/Pods-Prescribed.debug.xcconfig"; sourceTree = "<group>"; };
		BD0C62AF27AF6976000FF08C /* GoogleService-Info.plist */ = {isa = PBXFileReference; fileEncoding = 4; lastKnownFileType = text.plist.xml; path = "GoogleService-Info.plist"; sourceTree = "<group>"; };
		BD11ADE2272EF0EE0020E9D9 /* chatBotViewController.swift */ = {isa = PBXFileReference; lastKnownFileType = sourcecode.swift; path = chatBotViewController.swift; sourceTree = "<group>"; };
		BD11ADE4272EF1060020E9D9 /* prescribedViewController.swift */ = {isa = PBXFileReference; lastKnownFileType = sourcecode.swift; path = prescribedViewController.swift; sourceTree = "<group>"; };
		BD11ADE6272EF11F0020E9D9 /* profileViewController.swift */ = {isa = PBXFileReference; lastKnownFileType = sourcecode.swift; path = profileViewController.swift; sourceTree = "<group>"; };
		BD698FA0272F1DB900C0EFF8 /* doctorViewController.swift */ = {isa = PBXFileReference; lastKnownFileType = sourcecode.swift; path = doctorViewController.swift; sourceTree = "<group>"; };
		BD698FA2272F1DE900C0EFF8 /* pLinksViewController.swift */ = {isa = PBXFileReference; lastKnownFileType = sourcecode.swift; path = pLinksViewController.swift; sourceTree = "<group>"; };
		BD7EE62B26FBD59200D54707 /* Poppins-LightItalic.ttf */ = {isa = PBXFileReference; lastKnownFileType = file; path = "Poppins-LightItalic.ttf"; sourceTree = "<group>"; };
		BD7EE62C26FBD59200D54707 /* Poppins-Light.ttf */ = {isa = PBXFileReference; lastKnownFileType = file; path = "Poppins-Light.ttf"; sourceTree = "<group>"; };
		BD7EE62D26FBD59200D54707 /* Poppins-ExtraLight.ttf */ = {isa = PBXFileReference; lastKnownFileType = file; path = "Poppins-ExtraLight.ttf"; sourceTree = "<group>"; };
		BD7EE62E26FBD59300D54707 /* Poppins-BoldItalic.ttf */ = {isa = PBXFileReference; lastKnownFileType = file; path = "Poppins-BoldItalic.ttf"; sourceTree = "<group>"; };
		BD7EE62F26FBD59300D54707 /* Poppins-BlackItalic.ttf */ = {isa = PBXFileReference; lastKnownFileType = file; path = "Poppins-BlackItalic.ttf"; sourceTree = "<group>"; };
		BD7EE63026FBD59300D54707 /* Poppins-SemiBoldItalic.ttf */ = {isa = PBXFileReference; lastKnownFileType = file; path = "Poppins-SemiBoldItalic.ttf"; sourceTree = "<group>"; };
		BD7EE63126FBD59300D54707 /* Poppins-ExtraLightItalic.ttf */ = {isa = PBXFileReference; lastKnownFileType = file; path = "Poppins-ExtraLightItalic.ttf"; sourceTree = "<group>"; };
		BD7EE63226FBD59300D54707 /* Poppins-ThinItalic.ttf */ = {isa = PBXFileReference; lastKnownFileType = file; path = "Poppins-ThinItalic.ttf"; sourceTree = "<group>"; };
		BD7EE63326FBD59300D54707 /* Poppins-Medium.ttf */ = {isa = PBXFileReference; lastKnownFileType = file; path = "Poppins-Medium.ttf"; sourceTree = "<group>"; };
		BD7EE63426FBD59300D54707 /* Poppins-Black.ttf */ = {isa = PBXFileReference; lastKnownFileType = file; path = "Poppins-Black.ttf"; sourceTree = "<group>"; };
		BD7EE63526FBD59300D54707 /* Poppins-ExtraBold.ttf */ = {isa = PBXFileReference; lastKnownFileType = file; path = "Poppins-ExtraBold.ttf"; sourceTree = "<group>"; };
		BD7EE63626FBD59400D54707 /* Poppins-ExtraBoldItalic.ttf */ = {isa = PBXFileReference; lastKnownFileType = file; path = "Poppins-ExtraBoldItalic.ttf"; sourceTree = "<group>"; };
		BD7EE63726FBD59400D54707 /* Poppins-Regular.ttf */ = {isa = PBXFileReference; lastKnownFileType = file; path = "Poppins-Regular.ttf"; sourceTree = "<group>"; };
		BD7EE63826FBD59400D54707 /* Poppins-SemiBold.ttf */ = {isa = PBXFileReference; lastKnownFileType = file; path = "Poppins-SemiBold.ttf"; sourceTree = "<group>"; };
		BD7EE63926FBD59400D54707 /* Poppins-Italic.ttf */ = {isa = PBXFileReference; lastKnownFileType = file; path = "Poppins-Italic.ttf"; sourceTree = "<group>"; };
		BD7EE63A26FBD59400D54707 /* Poppins-Bold.ttf */ = {isa = PBXFileReference; lastKnownFileType = file; path = "Poppins-Bold.ttf"; sourceTree = "<group>"; };
		BD7EE63B26FBD59400D54707 /* Poppins-Thin.ttf */ = {isa = PBXFileReference; lastKnownFileType = file; path = "Poppins-Thin.ttf"; sourceTree = "<group>"; };
		BD7EE64E26FD293F00D54707 /* SignUpViewController.swift */ = {isa = PBXFileReference; lastKnownFileType = sourcecode.swift; path = SignUpViewController.swift; sourceTree = "<group>"; };
		BDE1A36C2691E97F00C29042 /* Prescribed.app */ = {isa = PBXFileReference; explicitFileType = wrapper.application; includeInIndex = 0; path = Prescribed.app; sourceTree = BUILT_PRODUCTS_DIR; };
		BDE1A36F2691E97F00C29042 /* AppDelegate.swift */ = {isa = PBXFileReference; lastKnownFileType = sourcecode.swift; path = AppDelegate.swift; sourceTree = "<group>"; };
		BDE1A3712691E97F00C29042 /* SceneDelegate.swift */ = {isa = PBXFileReference; lastKnownFileType = sourcecode.swift; path = SceneDelegate.swift; sourceTree = "<group>"; };
		BDE1A3762691E97F00C29042 /* Base */ = {isa = PBXFileReference; lastKnownFileType = file.storyboard; name = Base; path = Base.lproj/Main.storyboard; sourceTree = "<group>"; };
		BDE1A3782691E98D00C29042 /* Assets.xcassets */ = {isa = PBXFileReference; lastKnownFileType = folder.assetcatalog; path = Assets.xcassets; sourceTree = "<group>"; };
		BDE1A37B2691E98D00C29042 /* Base */ = {isa = PBXFileReference; lastKnownFileType = file.storyboard; name = Base; path = Base.lproj/LaunchScreen.storyboard; sourceTree = "<group>"; };
		BDE1A37D2691E98D00C29042 /* Info.plist */ = {isa = PBXFileReference; lastKnownFileType = text.plist.xml; path = Info.plist; sourceTree = "<group>"; };
		BDE1A3892691FC8D00C29042 /* User.swift */ = {isa = PBXFileReference; lastKnownFileType = sourcecode.swift; path = User.swift; sourceTree = "<group>"; };
		BDE1A38B2691FCA900C29042 /* UserInfo.swift */ = {isa = PBXFileReference; lastKnownFileType = sourcecode.swift; path = UserInfo.swift; sourceTree = "<group>"; };
		BDE1A38D269B487900C29042 /* WelcomeViewController.swift */ = {isa = PBXFileReference; lastKnownFileType = sourcecode.swift; path = WelcomeViewController.swift; sourceTree = "<group>"; };
		BDE1A391269B556D00C29042 /* Poppins */ = {isa = PBXFileReference; lastKnownFileType = folder; path = Poppins; sourceTree = "<group>"; };
		BDE1A39626A484E400C29042 /* LoginViewController.swift */ = {isa = PBXFileReference; lastKnownFileType = sourcecode.swift; path = LoginViewController.swift; sourceTree = "<group>"; };
		CAFFE6A0025D4D1B8259D1E2 /* Pods_Prescribed.framework */ = {isa = PBXFileReference; explicitFileType = wrapper.framework; includeInIndex = 0; path = Pods_Prescribed.framework; sourceTree = BUILT_PRODUCTS_DIR; };
		F74EB5DA0AECE241B8A87BC2 /* Pods-Prescribed.release.xcconfig */ = {isa = PBXFileReference; includeInIndex = 1; lastKnownFileType = text.xcconfig; name = "Pods-Prescribed.release.xcconfig"; path = "Target Support Files/Pods-Prescribed/Pods-Prescribed.release.xcconfig"; sourceTree = "<group>"; };
/* End PBXFileReference section */

/* Begin PBXFrameworksBuildPhase section */
		BDE1A3692691E97F00C29042 /* Frameworks */ = {
			isa = PBXFrameworksBuildPhase;
			buildActionMask = 2147483647;
			files = (
				F99AEEEAC2A62091D009B725 /* Pods_Prescribed.framework in Frameworks */,
			);
			runOnlyForDeploymentPostprocessing = 0;
		};
/* End PBXFrameworksBuildPhase section */

/* Begin PBXGroup section */
		24F47C636B398E7A7E6907F2 /* Pods */ = {
			isa = PBXGroup;
			children = (
				1C7414805B07892EB2C0B916 /* Pods-Prescribed.debug.xcconfig */,
				F74EB5DA0AECE241B8A87BC2 /* Pods-Prescribed.release.xcconfig */,
			);
			path = Pods;
			sourceTree = "<group>";
		};
		53ED158208442C735FE106ED /* Frameworks */ = {
			isa = PBXGroup;
			children = (
				CAFFE6A0025D4D1B8259D1E2 /* Pods_Prescribed.framework */,
			);
			name = Frameworks;
			sourceTree = "<group>";
		};
		BDE1A3632691E97F00C29042 = {
			isa = PBXGroup;
			children = (
				BDE1A36E2691E97F00C29042 /* Prescribed */,
				BDE1A36D2691E97F00C29042 /* Products */,
				24F47C636B398E7A7E6907F2 /* Pods */,
				53ED158208442C735FE106ED /* Frameworks */,
			);
			sourceTree = "<group>";
		};
		BDE1A36D2691E97F00C29042 /* Products */ = {
			isa = PBXGroup;
			children = (
				BDE1A36C2691E97F00C29042 /* Prescribed.app */,
			);
			name = Products;
			sourceTree = "<group>";
		};
		BDE1A36E2691E97F00C29042 /* Prescribed */ = {
			isa = PBXGroup;
			children = (
				BDE1A36F2691E97F00C29042 /* AppDelegate.swift */,
				BDE1A3712691E97F00C29042 /* SceneDelegate.swift */,
				BDE1A3852691FB5F00C29042 /* Model */,
				BDE1A3872691FB7E00C29042 /* View */,
				BDE1A3882691FBA900C29042 /* Controller */,
				BDE1A393269B558800C29042 /* Fonts */,
				BDE1A37D2691E98D00C29042 /* Info.plist */,
				BD0C62AF27AF6976000FF08C /* GoogleService-Info.plist */,
			);
			path = Prescribed;
			sourceTree = "<group>";
		};
		BDE1A3852691FB5F00C29042 /* Model */ = {
			isa = PBXGroup;
			children = (
				BDE1A3892691FC8D00C29042 /* User.swift */,
				BDE1A38B2691FCA900C29042 /* UserInfo.swift */,
			);
			path = Model;
			sourceTree = "<group>";
		};
		BDE1A3872691FB7E00C29042 /* View */ = {
			isa = PBXGroup;
			children = (
				BDE1A3782691E98D00C29042 /* Assets.xcassets */,
				BDE1A3752691E97F00C29042 /* Main.storyboard */,
				BDE1A37A2691E98D00C29042 /* LaunchScreen.storyboard */,
			);
			path = View;
			sourceTree = "<group>";
		};
		BDE1A3882691FBA900C29042 /* Controller */ = {
			isa = PBXGroup;
			children = (
				BDE1A38D269B487900C29042 /* WelcomeViewController.swift */,
				BDE1A39626A484E400C29042 /* LoginViewController.swift */,
				BD7EE64E26FD293F00D54707 /* SignUpViewController.swift */,
				BD11ADE2272EF0EE0020E9D9 /* chatBotViewController.swift */,
				BD11ADE4272EF1060020E9D9 /* prescribedViewController.swift */,
				BD698FA0272F1DB900C0EFF8 /* doctorViewController.swift */,
				BD698FA2272F1DE900C0EFF8 /* pLinksViewController.swift */,
				BD11ADE6272EF11F0020E9D9 /* profileViewController.swift */,
			);
			path = Controller;
			sourceTree = "<group>";
		};
		BDE1A393269B558800C29042 /* Fonts */ = {
			isa = PBXGroup;
			children = (
				BD7EE63426FBD59300D54707 /* Poppins-Black.ttf */,
				BD7EE62F26FBD59300D54707 /* Poppins-BlackItalic.ttf */,
				BD7EE63A26FBD59400D54707 /* Poppins-Bold.ttf */,
				BD7EE62E26FBD59300D54707 /* Poppins-BoldItalic.ttf */,
				BD7EE63526FBD59300D54707 /* Poppins-ExtraBold.ttf */,
				BD7EE63626FBD59400D54707 /* Poppins-ExtraBoldItalic.ttf */,
				BD7EE62D26FBD59200D54707 /* Poppins-ExtraLight.ttf */,
				BD7EE63126FBD59300D54707 /* Poppins-ExtraLightItalic.ttf */,
				BD7EE63926FBD59400D54707 /* Poppins-Italic.ttf */,
				BD7EE62C26FBD59200D54707 /* Poppins-Light.ttf */,
				BD7EE62B26FBD59200D54707 /* Poppins-LightItalic.ttf */,
				BD7EE63326FBD59300D54707 /* Poppins-Medium.ttf */,
				BD7EE63726FBD59400D54707 /* Poppins-Regular.ttf */,
				BD7EE63826FBD59400D54707 /* Poppins-SemiBold.ttf */,
				BD7EE63026FBD59300D54707 /* Poppins-SemiBoldItalic.ttf */,
				BD7EE63B26FBD59400D54707 /* Poppins-Thin.ttf */,
				BD7EE63226FBD59300D54707 /* Poppins-ThinItalic.ttf */,
				BDE1A391269B556D00C29042 /* Poppins */,
			);
			path = Fonts;
			sourceTree = "<group>";
		};
/* End PBXGroup section */

/* Begin PBXNativeTarget section */
		BDE1A36B2691E97F00C29042 /* Prescribed */ = {
			isa = PBXNativeTarget;
			buildConfigurationList = BDE1A3802691E98D00C29042 /* Build configuration list for PBXNativeTarget "Prescribed" */;
			buildPhases = (
				4C9AD168C82696BBE0B93836 /* [CP] Check Pods Manifest.lock */,
				BDE1A3682691E97F00C29042 /* Sources */,
				BDE1A3692691E97F00C29042 /* Frameworks */,
				BDE1A36A2691E97F00C29042 /* Resources */,
				3E0A28521278CB2DE7BCB5B5 /* [CP] Embed Pods Frameworks */,
			);
			buildRules = (
			);
			dependencies = (
			);
			name = Prescribed;
			productName = Prescribed;
			productReference = BDE1A36C2691E97F00C29042 /* Prescribed.app */;
			productType = "com.apple.product-type.application";
		};
/* End PBXNativeTarget section */

/* Begin PBXProject section */
		BDE1A3642691E97F00C29042 /* Project object */ = {
			isa = PBXProject;
			attributes = {
				LastSwiftUpdateCheck = 1250;
				LastUpgradeCheck = 1250;
				TargetAttributes = {
					BDE1A36B2691E97F00C29042 = {
						CreatedOnToolsVersion = 12.5.1;
					};
				};
			};
			buildConfigurationList = BDE1A3672691E97F00C29042 /* Build configuration list for PBXProject "Prescribed" */;
			compatibilityVersion = "Xcode 9.3";
			developmentRegion = en;
			hasScannedForEncodings = 0;
			knownRegions = (
				en,
				Base,
			);
			mainGroup = BDE1A3632691E97F00C29042;
			productRefGroup = BDE1A36D2691E97F00C29042 /* Products */;
			projectDirPath = "";
			projectRoot = "";
			targets = (
				BDE1A36B2691E97F00C29042 /* Prescribed */,
			);
		};
/* End PBXProject section */

/* Begin PBXResourcesBuildPhase section */
		BDE1A36A2691E97F00C29042 /* Resources */ = {
			isa = PBXResourcesBuildPhase;
			buildActionMask = 2147483647;
			files = (
				BD7EE63E26FBD5A400D54707 /* Poppins-Black.ttf in Resources */,
				BD7EE64726FBD5B900D54707 /* Poppins-Light.ttf in Resources */,
				BDE1A392269B556D00C29042 /* Poppins in Resources */,
				BD7EE64C26FBD5C700D54707 /* Poppins-ThinItalic.ttf in Resources */,
				BDE1A37C2691E98D00C29042 /* LaunchScreen.storyboard in Resources */,
				BD7EE64A26FBD5C300D54707 /* Poppins-SemiBoldItalic.ttf in Resources */,
				BD7EE64926FBD5C100D54707 /* Poppins-SemiBold.ttf in Resources */,
				BD7EE64226FBD5AE00D54707 /* Poppins-ExtraBold.ttf in Resources */,
				BD7EE64326FBD5B000D54707 /* Poppins-ExtraBoldItalic.ttf in Resources */,
				BD7EE64826FBD5BC00D54707 /* Poppins-LightItalic.ttf in Resources */,
				BD7EE64426FBD5B200D54707 /* Poppins-ExtraLight.ttf in Resources */,
				BDE1A3792691E98D00C29042 /* Assets.xcassets in Resources */,
				BD7EE64D26FBD7BD00D54707 /* Poppins-Medium.ttf in Resources */,
				BD7EE64626FBD5B700D54707 /* Poppins-Italic.ttf in Resources */,
				BD7EE64B26FBD5C500D54707 /* Poppins-Thin.ttf in Resources */,
				BD7EE64026FBD5A800D54707 /* Poppins-Bold.ttf in Resources */,
				BD7EE64126FBD5AB00D54707 /* Poppins-BoldItalic.ttf in Resources */,
				BD7EE64526FBD5B400D54707 /* Poppins-ExtraLightItalic.ttf in Resources */,
				BD698FA4272F20D200C0EFF8 /* Poppins-Regular.ttf in Resources */,
				BD0C62B027AF6976000FF08C /* GoogleService-Info.plist in Resources */,
				BD7EE63F26FBD5A600D54707 /* Poppins-BlackItalic.ttf in Resources */,
				BDE1A3772691E97F00C29042 /* Main.storyboard in Resources */,
			);
			runOnlyForDeploymentPostprocessing = 0;
		};
/* End PBXResourcesBuildPhase section */

/* Begin PBXShellScriptBuildPhase section */
		3E0A28521278CB2DE7BCB5B5 /* [CP] Embed Pods Frameworks */ = {
			isa = PBXShellScriptBuildPhase;
			buildActionMask = 2147483647;
			files = (
			);
			inputFileListPaths = (
				"${PODS_ROOT}/Target Support Files/Pods-Prescribed/Pods-Prescribed-frameworks-${CONFIGURATION}-input-files.xcfilelist",
			);
			name = "[CP] Embed Pods Frameworks";
			outputFileListPaths = (
				"${PODS_ROOT}/Target Support Files/Pods-Prescribed/Pods-Prescribed-frameworks-${CONFIGURATION}-output-files.xcfilelist",
			);
			runOnlyForDeploymentPostprocessing = 0;
			shellPath = /bin/sh;
			shellScript = "\"${PODS_ROOT}/Target Support Files/Pods-Prescribed/Pods-Prescribed-frameworks.sh\"\n";
			showEnvVarsInLog = 0;
		};
		4C9AD168C82696BBE0B93836 /* [CP] Check Pods Manifest.lock */ = {
			isa = PBXShellScriptBuildPhase;
			buildActionMask = 2147483647;
			files = (
			);
			inputFileListPaths = (
			);
			inputPaths = (
				"${PODS_PODFILE_DIR_PATH}/Podfile.lock",
				"${PODS_ROOT}/Manifest.lock",
			);
			name = "[CP] Check Pods Manifest.lock";
			outputFileListPaths = (
			);
			outputPaths = (
				"$(DERIVED_FILE_DIR)/Pods-Prescribed-checkManifestLockResult.txt",
			);
			runOnlyForDeploymentPostprocessing = 0;
			shellPath = /bin/sh;
			shellScript = "diff \"${PODS_PODFILE_DIR_PATH}/Podfile.lock\" \"${PODS_ROOT}/Manifest.lock\" > /dev/null\nif [ $? != 0 ] ; then\n    # print error to STDERR\n    echo \"error: The sandbox is not in sync with the Podfile.lock. Run 'pod install' or update your CocoaPods installation.\" >&2\n    exit 1\nfi\n# This output is used by Xcode 'outputs' to avoid re-running this script phase.\necho \"SUCCESS\" > \"${SCRIPT_OUTPUT_FILE_0}\"\n";
			showEnvVarsInLog = 0;
		};
/* End PBXShellScriptBuildPhase section */

/* Begin PBXSourcesBuildPhase section */
		BDE1A3682691E97F00C29042 /* Sources */ = {
			isa = PBXSourcesBuildPhase;
			buildActionMask = 2147483647;
			files = (
				BDE1A39726A484E400C29042 /* LoginViewController.swift in Sources */,
				BD698FA3272F1DE900C0EFF8 /* pLinksViewController.swift in Sources */,
				BD7EE64F26FD293F00D54707 /* SignUpViewController.swift in Sources */,
				BD698FA1272F1DB900C0EFF8 /* doctorViewController.swift in Sources */,
				BD11ADE3272EF0EE0020E9D9 /* chatBotViewController.swift in Sources */,
				BD11ADE5272EF1060020E9D9 /* prescribedViewController.swift in Sources */,
				BDE1A38A2691FC8D00C29042 /* User.swift in Sources */,
				BDE1A38E269B487900C29042 /* WelcomeViewController.swift in Sources */,
				BDE1A3702691E97F00C29042 /* AppDelegate.swift in Sources */,
				BDE1A38C2691FCA900C29042 /* UserInfo.swift in Sources */,
				BD11ADE7272EF11F0020E9D9 /* profileViewController.swift in Sources */,
				BDE1A3722691E97F00C29042 /* SceneDelegate.swift in Sources */,
			);
			runOnlyForDeploymentPostprocessing = 0;
		};
/* End PBXSourcesBuildPhase section */

/* Begin PBXVariantGroup section */
		BDE1A3752691E97F00C29042 /* Main.storyboard */ = {
			isa = PBXVariantGroup;
			children = (
				BDE1A3762691E97F00C29042 /* Base */,
			);
			name = Main.storyboard;
			sourceTree = "<group>";
		};
		BDE1A37A2691E98D00C29042 /* LaunchScreen.storyboard */ = {
			isa = PBXVariantGroup;
			children = (
				BDE1A37B2691E98D00C29042 /* Base */,
			);
			name = LaunchScreen.storyboard;
			sourceTree = "<group>";
		};
/* End PBXVariantGroup section */

/* Begin XCBuildConfiguration section */
		BDE1A37E2691E98D00C29042 /* Debug */ = {
			isa = XCBuildConfiguration;
			buildSettings = {
				ALWAYS_SEARCH_USER_PATHS = NO;
				CLANG_ANALYZER_NONNULL = YES;
				CLANG_ANALYZER_NUMBER_OBJECT_CONVERSION = YES_AGGRESSIVE;
				CLANG_CXX_LANGUAGE_STANDARD = "gnu++14";
				CLANG_CXX_LIBRARY = "libc++";
				CLANG_ENABLE_MODULES = YES;
				CLANG_ENABLE_OBJC_ARC = YES;
				CLANG_ENABLE_OBJC_WEAK = YES;
				CLANG_WARN_BLOCK_CAPTURE_AUTORELEASING = YES;
				CLANG_WARN_BOOL_CONVERSION = YES;
				CLANG_WARN_COMMA = YES;
				CLANG_WARN_CONSTANT_CONVERSION = YES;
				CLANG_WARN_DEPRECATED_OBJC_IMPLEMENTATIONS = YES;
				CLANG_WARN_DIRECT_OBJC_ISA_USAGE = YES_ERROR;
				CLANG_WARN_DOCUMENTATION_COMMENTS = YES;
				CLANG_WARN_EMPTY_BODY = YES;
				CLANG_WARN_ENUM_CONVERSION = YES;
				CLANG_WARN_INFINITE_RECURSION = YES;
				CLANG_WARN_INT_CONVERSION = YES;
				CLANG_WARN_NON_LITERAL_NULL_CONVERSION = YES;
				CLANG_WARN_OBJC_IMPLICIT_RETAIN_SELF = YES;
				CLANG_WARN_OBJC_LITERAL_CONVERSION = YES;
				CLANG_WARN_OBJC_ROOT_CLASS = YES_ERROR;
				CLANG_WARN_QUOTED_INCLUDE_IN_FRAMEWORK_HEADER = YES;
				CLANG_WARN_RANGE_LOOP_ANALYSIS = YES;
				CLANG_WARN_STRICT_PROTOTYPES = YES;
				CLANG_WARN_SUSPICIOUS_MOVE = YES;
				CLANG_WARN_UNGUARDED_AVAILABILITY = YES_AGGRESSIVE;
				CLANG_WARN_UNREACHABLE_CODE = YES;
				CLANG_WARN__DUPLICATE_METHOD_MATCH = YES;
				COPY_PHASE_STRIP = NO;
				DEBUG_INFORMATION_FORMAT = dwarf;
				ENABLE_STRICT_OBJC_MSGSEND = YES;
				ENABLE_TESTABILITY = YES;
				GCC_C_LANGUAGE_STANDARD = gnu11;
				GCC_DYNAMIC_NO_PIC = NO;
				GCC_NO_COMMON_BLOCKS = YES;
				GCC_OPTIMIZATION_LEVEL = 0;
				GCC_PREPROCESSOR_DEFINITIONS = (
					"DEBUG=1",
					"$(inherited)",
				);
				GCC_WARN_64_TO_32_BIT_CONVERSION = YES;
				GCC_WARN_ABOUT_RETURN_TYPE = YES_ERROR;
				GCC_WARN_UNDECLARED_SELECTOR = YES;
				GCC_WARN_UNINITIALIZED_AUTOS = YES_AGGRESSIVE;
				GCC_WARN_UNUSED_FUNCTION = YES;
				GCC_WARN_UNUSED_VARIABLE = YES;
				IPHONEOS_DEPLOYMENT_TARGET = 14.5;
				MTL_ENABLE_DEBUG_INFO = INCLUDE_SOURCE;
				MTL_FAST_MATH = YES;
				ONLY_ACTIVE_ARCH = YES;
				SDKROOT = iphoneos;
				SWIFT_ACTIVE_COMPILATION_CONDITIONS = DEBUG;
				SWIFT_OPTIMIZATION_LEVEL = "-Onone";
			};
			name = Debug;
		};
		BDE1A37F2691E98D00C29042 /* Release */ = {
			isa = XCBuildConfiguration;
			buildSettings = {
				ALWAYS_SEARCH_USER_PATHS = NO;
				CLANG_ANALYZER_NONNULL = YES;
				CLANG_ANALYZER_NUMBER_OBJECT_CONVERSION = YES_AGGRESSIVE;
				CLANG_CXX_LANGUAGE_STANDARD = "gnu++14";
				CLANG_CXX_LIBRARY = "libc++";
				CLANG_ENABLE_MODULES = YES;
				CLANG_ENABLE_OBJC_ARC = YES;
				CLANG_ENABLE_OBJC_WEAK = YES;
				CLANG_WARN_BLOCK_CAPTURE_AUTORELEASING = YES;
				CLANG_WARN_BOOL_CONVERSION = YES;
				CLANG_WARN_COMMA = YES;
				CLANG_WARN_CONSTANT_CONVERSION = YES;
				CLANG_WARN_DEPRECATED_OBJC_IMPLEMENTATIONS = YES;
				CLANG_WARN_DIRECT_OBJC_ISA_USAGE = YES_ERROR;
				CLANG_WARN_DOCUMENTATION_COMMENTS = YES;
				CLANG_WARN_EMPTY_BODY = YES;
				CLANG_WARN_ENUM_CONVERSION = YES;
				CLANG_WARN_INFINITE_RECURSION = YES;
				CLANG_WARN_INT_CONVERSION = YES;
				CLANG_WARN_NON_LITERAL_NULL_CONVERSION = YES;
				CLANG_WARN_OBJC_IMPLICIT_RETAIN_SELF = YES;
				CLANG_WARN_OBJC_LITERAL_CONVERSION = YES;
				CLANG_WARN_OBJC_ROOT_CLASS = YES_ERROR;
				CLANG_WARN_QUOTED_INCLUDE_IN_FRAMEWORK_HEADER = YES;
				CLANG_WARN_RANGE_LOOP_ANALYSIS = YES;
				CLANG_WARN_STRICT_PROTOTYPES = YES;
				CLANG_WARN_SUSPICIOUS_MOVE = YES;
				CLANG_WARN_UNGUARDED_AVAILABILITY = YES_AGGRESSIVE;
				CLANG_WARN_UNREACHABLE_CODE = YES;
				CLANG_WARN__DUPLICATE_METHOD_MATCH = YES;
				COPY_PHASE_STRIP = NO;
				DEBUG_INFORMATION_FORMAT = "dwarf-with-dsym";
				ENABLE_NS_ASSERTIONS = NO;
				ENABLE_STRICT_OBJC_MSGSEND = YES;
				GCC_C_LANGUAGE_STANDARD = gnu11;
				GCC_NO_COMMON_BLOCKS = YES;
				GCC_WARN_64_TO_32_BIT_CONVERSION = YES;
				GCC_WARN_ABOUT_RETURN_TYPE = YES_ERROR;
				GCC_WARN_UNDECLARED_SELECTOR = YES;
				GCC_WARN_UNINITIALIZED_AUTOS = YES_AGGRESSIVE;
				GCC_WARN_UNUSED_FUNCTION = YES;
				GCC_WARN_UNUSED_VARIABLE = YES;
				IPHONEOS_DEPLOYMENT_TARGET = 14.5;
				MTL_ENABLE_DEBUG_INFO = NO;
				MTL_FAST_MATH = YES;
				SDKROOT = iphoneos;
				SWIFT_COMPILATION_MODE = wholemodule;
				SWIFT_OPTIMIZATION_LEVEL = "-O";
				VALIDATE_PRODUCT = YES;
			};
			name = Release;
		};
		BDE1A3812691E98D00C29042 /* Debug */ = {
			isa = XCBuildConfiguration;
			baseConfigurationReference = 1C7414805B07892EB2C0B916 /* Pods-Prescribed.debug.xcconfig */;
			buildSettings = {
				ASSETCATALOG_COMPILER_APPICON_NAME = AppIcon;
				ASSETCATALOG_COMPILER_GLOBAL_ACCENT_COLOR_NAME = AccentColor;
				CODE_SIGN_STYLE = Automatic;
				DEVELOPMENT_TEAM = FNY8QWTN4P;
				INFOPLIST_FILE = Prescribed/Info.plist;
				LD_RUNPATH_SEARCH_PATHS = (
					"$(inherited)",
					"@executable_path/Frameworks",
				);
				PRODUCT_BUNDLE_IDENTIFIER = Tirsong.Prescribed;
				PRODUCT_NAME = "$(TARGET_NAME)";
				SWIFT_VERSION = 5.0;
				TARGETED_DEVICE_FAMILY = "1,2";
			};
			name = Debug;
		};
		BDE1A3822691E98D00C29042 /* Release */ = {
			isa = XCBuildConfiguration;
			baseConfigurationReference = F74EB5DA0AECE241B8A87BC2 /* Pods-Prescribed.release.xcconfig */;
			buildSettings = {
				ASSETCATALOG_COMPILER_APPICON_NAME = AppIcon;
				ASSETCATALOG_COMPILER_GLOBAL_ACCENT_COLOR_NAME = AccentColor;
				CODE_SIGN_STYLE = Automatic;
				DEVELOPMENT_TEAM = FNY8QWTN4P;
				INFOPLIST_FILE = Prescribed/Info.plist;
				LD_RUNPATH_SEARCH_PATHS = (
					"$(inherited)",
					"@executable_path/Frameworks",
				);
				PRODUCT_BUNDLE_IDENTIFIER = Tirsong.Prescribed;
				PRODUCT_NAME = "$(TARGET_NAME)";
				SWIFT_VERSION = 5.0;
				TARGETED_DEVICE_FAMILY = "1,2";
			};
			name = Release;
		};
/* End XCBuildConfiguration section */

/* Begin XCConfigurationList section */
		BDE1A3672691E97F00C29042 /* Build configuration list for PBXProject "Prescribed" */ = {
			isa = XCConfigurationList;
			buildConfigurations = (
				BDE1A37E2691E98D00C29042 /* Debug */,
				BDE1A37F2691E98D00C29042 /* Release */,
			);
			defaultConfigurationIsVisible = 0;
			defaultConfigurationName = Release;
		};
		BDE1A3802691E98D00C29042 /* Build configuration list for PBXNativeTarget "Prescribed" */ = {
			isa = XCConfigurationList;
			buildConfigurations = (
				BDE1A3812691E98D00C29042 /* Debug */,
				BDE1A3822691E98D00C29042 /* Release */,
			);
			defaultConfigurationIsVisible = 0;
			defaultConfigurationName = Release;
		};
/* End XCConfigurationList section */
	};
	rootObject = BDE1A3642691E97F00C29042 /* Project object */;
}
